github.com/nickwells/location.mod v1.2.14 h1:2PhqaXSw1VUfbMkOUmBgpzdDlqfxuQIyYNXu/445YHg=
github.com/nickwells/location.mod v1.2.14/go.mod h1:QRxuYxX2f/7xrRr2SSu7a4WBPAw7gLvXt7XI37us2yQ=
github.com/nickwells/testhelper.mod v1.12.1 h1:PqgnUVCFiuYxSwRs7grmxRethIp5/FDKZrllWscSKJs=
github.com/nickwells/testhelper.mod v1.12.1/go.mod h1:Ct/U2PjL0n9hGc+US6uR/s4NxSRI33NM+0ZkrDkG0XI=
