github.com/nickwells/location.mod v1.2.9 h1:p1KVfLbRUWBm5pF7vWhSEBu7Bea4KMSwG33RpLAfcqY=
github.com/nickwells/location.mod v1.2.9/go.mod h1:dG4NraMh8YAPsSe3zdOYramVWkLfElyiP9LZrCTsdWo=
github.com/nickwells/testhelper.mod v1.8.1 h1:EstfHLvz5E/8u8nNxg15MDNxL/ANUZamuo8Wed2d11s=
github.com/nickwells/testhelper.mod v1.8.1/go.mod h1:Ct/U2PjL0n9hGc+US6uR/s4NxSRI33NM+0ZkrDkG0XI=
